
Microsoft Visual Studio Solution File, Format Version 12.00
# Visual Studio 14
VisualStudioVersion = 14.0.25123.0
MinimumVisualStudioVersion = 10.0.40219.1
Project("{FAE04EC0-301F-11D3-BF4B-00C04F79EFBC}") = "ShapeLib", "ShapeLib\ShapeLib.csproj", "{0ADA17E1-1F40-4015-8E19-FF7E9B1F194C}"
EndProject
Project("{FAE04EC0-301F-11D3-BF4B-00C04F79EFBC}") = "ShapesApp", "ShapesApp\ShapesApp.csproj", "{B71B6F7F-012B-4885-821C-2F290399BFFA}"
EndProject
Global
	GlobalSection(SolutionConfigurationPlatforms) = preSolution
		Debug|Any CPU = Debug|Any CPU
		Release|Any CPU = Release|Any CPU
	EndGlobalSection
	GlobalSection(ProjectConfigurationPlatforms) = postSolution
		{0ADA17E1-1F40-4015-8E19-FF7E9B1F194C}.Debug|Any CPU.ActiveCfg = Debug|Any CPU
		{0ADA17E1-1F40-4015-8E19-FF7E9B1F194C}.Debug|Any CPU.Build.0 = Debug|Any CPU
		{0ADA17E1-1F40-4015-8E19-FF7E9B1F194C}.Release|Any CPU.ActiveCfg = Release|Any CPU
		{0ADA17E1-1F40-4015-8E19-FF7E9B1F194C}.Release|Any CPU.Build.0 = Release|Any CPU
		{B71B6F7F-012B-4885-821C-2F290399BFFA}.Debug|Any CPU.ActiveCfg = Debug|Any CPU
		{B71B6F7F-012B-4885-821C-2F290399BFFA}.Debug|Any CPU.Build.0 = Debug|Any CPU
		{B71B6F7F-012B-4885-821C-2F290399BFFA}.Release|Any CPU.ActiveCfg = Release|Any CPU
		{B71B6F7F-012B-4885-821C-2F290399BFFA}.Release|Any CPU.Build.0 = Release|Any CPU
	EndGlobalSection
	GlobalSection(SolutionProperties) = preSolution
		HideSolutionNode = FALSE
	EndGlobalSection
EndGlobal
