
Microsoft Visual Studio Solution File, Format Version 12.00
# Visual Studio 14
VisualStudioVersion = 14.0.25123.0
MinimumVisualStudioVersion = 10.0.40219.1
Project("{FAE04EC0-301F-11D3-BF4B-00C04F79EFBC}") = "Data", "Data\Data.csproj", "{3992CC10-38F3-4719-83C6-03D9F8E46D37}"
EndProject
Project("{FAE04EC0-301F-11D3-BF4B-00C04F79EFBC}") = "MarketComparingApp", "MarketComparingApp\MarketComparingApp.csproj", "{01CB7996-0CC0-419D-875F-44F6FD17CC6C}"
EndProject
Project("{FAE04EC0-301F-11D3-BF4B-00C04F79EFBC}") = "CartCompare", "CartCompare\CartCompare.csproj", "{8E5BA3E5-A8AC-4954-BF35-E9A8147D4F9C}"
EndProject
Project("{FAE04EC0-301F-11D3-BF4B-00C04F79EFBC}") = "FileManager", "FileManager\FileManager.csproj", "{FA318594-1B86-4D52-AF8C-780097BB4ABE}"
EndProject
Global
	GlobalSection(SolutionConfigurationPlatforms) = preSolution
		Debug|Any CPU = Debug|Any CPU
		Release|Any CPU = Release|Any CPU
	EndGlobalSection
	GlobalSection(ProjectConfigurationPlatforms) = postSolution
		{3992CC10-38F3-4719-83C6-03D9F8E46D37}.Debug|Any CPU.ActiveCfg = Debug|Any CPU
		{3992CC10-38F3-4719-83C6-03D9F8E46D37}.Debug|Any CPU.Build.0 = Debug|Any CPU
		{3992CC10-38F3-4719-83C6-03D9F8E46D37}.Release|Any CPU.ActiveCfg = Release|Any CPU
		{3992CC10-38F3-4719-83C6-03D9F8E46D37}.Release|Any CPU.Build.0 = Release|Any CPU
		{01CB7996-0CC0-419D-875F-44F6FD17CC6C}.Debug|Any CPU.ActiveCfg = Debug|Any CPU
		{01CB7996-0CC0-419D-875F-44F6FD17CC6C}.Debug|Any CPU.Build.0 = Debug|Any CPU
		{01CB7996-0CC0-419D-875F-44F6FD17CC6C}.Release|Any CPU.ActiveCfg = Release|Any CPU
		{01CB7996-0CC0-419D-875F-44F6FD17CC6C}.Release|Any CPU.Build.0 = Release|Any CPU
		{8E5BA3E5-A8AC-4954-BF35-E9A8147D4F9C}.Debug|Any CPU.ActiveCfg = Debug|Any CPU
		{8E5BA3E5-A8AC-4954-BF35-E9A8147D4F9C}.Debug|Any CPU.Build.0 = Debug|Any CPU
		{8E5BA3E5-A8AC-4954-BF35-E9A8147D4F9C}.Release|Any CPU.ActiveCfg = Release|Any CPU
		{8E5BA3E5-A8AC-4954-BF35-E9A8147D4F9C}.Release|Any CPU.Build.0 = Release|Any CPU
		{FA318594-1B86-4D52-AF8C-780097BB4ABE}.Debug|Any CPU.ActiveCfg = Debug|Any CPU
		{FA318594-1B86-4D52-AF8C-780097BB4ABE}.Debug|Any CPU.Build.0 = Debug|Any CPU
		{FA318594-1B86-4D52-AF8C-780097BB4ABE}.Release|Any CPU.ActiveCfg = Release|Any CPU
		{FA318594-1B86-4D52-AF8C-780097BB4ABE}.Release|Any CPU.Build.0 = Release|Any CPU
	EndGlobalSection
	GlobalSection(SolutionProperties) = preSolution
		HideSolutionNode = FALSE
	EndGlobalSection
EndGlobal
